
Microsoft Visual Studio Solution File, Format Version 11.00
# Visual Studio 2010
Project("{FAE04EC0-301F-11D3-BF4B-00C04F79EFBC}") = "oqhra-android", "oqhra-android\oqhra-android.csproj", "{19CFEED2-B1A3-48EA-A6E9-87FC5781C0BB}"
EndProject
Global
	GlobalSection(SubversionScc) = preSolution
		Svn-Managed = True
		Manager = AnkhSVN - Subversion Support for Visual Studio
	EndGlobalSection
	GlobalSection(SolutionConfigurationPlatforms) = preSolution
		Debug|Any CPU = Debug|Any CPU
		Release|Any CPU = Release|Any CPU
	EndGlobalSection
	GlobalSection(ProjectConfigurationPlatforms) = postSolution
		{19CFEED2-B1A3-48EA-A6E9-87FC5781C0BB}.Debug|Any CPU.ActiveCfg = Debug|Any CPU
		{19CFEED2-B1A3-48EA-A6E9-87FC5781C0BB}.Debug|Any CPU.Build.0 = Debug|Any CPU
		{19CFEED2-B1A3-48EA-A6E9-87FC5781C0BB}.Debug|Any CPU.Deploy.0 = Debug|Any CPU
		{19CFEED2-B1A3-48EA-A6E9-87FC5781C0BB}.Release|Any CPU.ActiveCfg = Release|Any CPU
		{19CFEED2-B1A3-48EA-A6E9-87FC5781C0BB}.Release|Any CPU.Build.0 = Release|Any CPU
		{19CFEED2-B1A3-48EA-A6E9-87FC5781C0BB}.Release|Any CPU.Deploy.0 = Release|Any CPU
	EndGlobalSection
	GlobalSection(SolutionProperties) = preSolution
		HideSolutionNode = FALSE
	EndGlobalSection
EndGlobal
